
Microsoft Visual Studio Solution File, Format Version 12.00
# Visual Studio Version 17
VisualStudioVersion = 17.9.34723.18
MinimumVisualStudioVersion = 10.0.40219.1
Project("{FAE04EC0-301F-11D3-BF4B-00C04F79EFBC}") = "Besos", "Besos\Besos.csproj", "{3135BF6A-AA90-4939-8C07-C9C01B0C6876}"
EndProject
Global
	GlobalSection(SolutionConfigurationPlatforms) = preSolution
		Debug|Any CPU = Debug|Any CPU
		Release|Any CPU = Release|Any CPU
	EndGlobalSection
	GlobalSection(ProjectConfigurationPlatforms) = postSolution
		{3135BF6A-AA90-4939-8C07-C9C01B0C6876}.Debug|Any CPU.ActiveCfg = Debug|Any CPU
		{3135BF6A-AA90-4939-8C07-C9C01B0C6876}.Debug|Any CPU.Build.0 = Debug|Any CPU
		{3135BF6A-AA90-4939-8C07-C9C01B0C6876}.Release|Any CPU.ActiveCfg = Release|Any CPU
		{3135BF6A-AA90-4939-8C07-C9C01B0C6876}.Release|Any CPU.Build.0 = Release|Any CPU
	EndGlobalSection
	GlobalSection(SolutionProperties) = preSolution
		HideSolutionNode = FALSE
	EndGlobalSection
	GlobalSection(ExtensibilityGlobals) = postSolution
		SolutionGuid = {0C7E45DB-4441-4254-9B82-B8DF3661CB20}
	EndGlobalSection
EndGlobal
